
Microsoft Visual Studio Solution File, Format Version 12.00
# Visual Studio Version 17
VisualStudioVersion = 17.0.31903.59
MinimumVisualStudioVersion = 10.0.40219.1
Project("{2150E333-8FDC-42A3-9474-1A3956D46DE8}") = "src", "src", "{AD566B3B-5466-409C-BEED-A5E46E0E4F5A}"
EndProject
Project("{FAE04EC0-301F-11D3-BF4B-00C04F79EFBC}") = "Reminder.Presentation", "src\Reminder.Presentation\Reminder.Presentation.csproj", "{AF6C0C1F-5F1F-4A15-9E73-BDF439FA3B32}"
EndProject
Global
	GlobalSection(SolutionConfigurationPlatforms) = preSolution
		Debug|Any CPU = Debug|Any CPU
		Release|Any CPU = Release|Any CPU
	EndGlobalSection
	GlobalSection(ProjectConfigurationPlatforms) = postSolution
		{AF6C0C1F-5F1F-4A15-9E73-BDF439FA3B32}.Debug|Any CPU.ActiveCfg = Debug|Any CPU
		{AF6C0C1F-5F1F-4A15-9E73-BDF439FA3B32}.Debug|Any CPU.Build.0 = Debug|Any CPU
		{AF6C0C1F-5F1F-4A15-9E73-BDF439FA3B32}.Release|Any CPU.ActiveCfg = Release|Any CPU
		{AF6C0C1F-5F1F-4A15-9E73-BDF439FA3B32}.Release|Any CPU.Build.0 = Release|Any CPU
	EndGlobalSection
	GlobalSection(SolutionProperties) = preSolution
		HideSolutionNode = FALSE
	EndGlobalSection
	GlobalSection(NestedProjects) = preSolution
		{AF6C0C1F-5F1F-4A15-9E73-BDF439FA3B32} = {AD566B3B-5466-409C-BEED-A5E46E0E4F5A}
	EndGlobalSection
	GlobalSection(ExtensibilityGlobals) = postSolution
		SolutionGuid = {6393B1CF-EE9A-4455-8F72-B8558C17B0AC}
	EndGlobalSection
EndGlobal
